
Microsoft Visual Studio Solution File, Format Version 12.00
# Visual Studio Version 17
VisualStudioVersion = 17.14.36202.13
MinimumVisualStudioVersion = 10.0.40219.1
Project("{8BC9CEB8-8B4A-11D0-8D11-00A0C91BC942}") = "core", "core\core.vcxproj", "{B3CC6BFC-40BF-40C7-9A52-C730F84ADCBC}"
EndProject
Project("{8BC9CEB8-8B4A-11D0-8D11-00A0C91BC942}") = "assaultcube", "cheats\assaultcube\assaultcube.vcxproj", "{7FF32420-885B-4F70-A69C-8412F5CADAA2}"
	ProjectSection(ProjectDependencies) = postProject
		{B3CC6BFC-40BF-40C7-9A52-C730F84ADCBC} = {B3CC6BFC-40BF-40C7-9A52-C730F84ADCBC}
	EndProjectSection
EndProject
Global
	GlobalSection(SolutionConfigurationPlatforms) = preSolution
		Debug|x64 = Debug|x64
		Debug|x86 = Debug|x86
		Release|x64 = Release|x64
		Release|x86 = Release|x86
	EndGlobalSection
	GlobalSection(ProjectConfigurationPlatforms) = postSolution
		{B3CC6BFC-40BF-40C7-9A52-C730F84ADCBC}.Debug|x64.ActiveCfg = Debug|x64
		{B3CC6BFC-40BF-40C7-9A52-C730F84ADCBC}.Debug|x64.Build.0 = Debug|x64
		{B3CC6BFC-40BF-40C7-9A52-C730F84ADCBC}.Debug|x86.ActiveCfg = Debug|Win32
		{B3CC6BFC-40BF-40C7-9A52-C730F84ADCBC}.Debug|x86.Build.0 = Debug|Win32
		{B3CC6BFC-40BF-40C7-9A52-C730F84ADCBC}.Release|x64.ActiveCfg = Release|x64
		{B3CC6BFC-40BF-40C7-9A52-C730F84ADCBC}.Release|x64.Build.0 = Release|x64
		{B3CC6BFC-40BF-40C7-9A52-C730F84ADCBC}.Release|x86.ActiveCfg = Release|Win32
		{B3CC6BFC-40BF-40C7-9A52-C730F84ADCBC}.Release|x86.Build.0 = Release|Win32
		{7FF32420-885B-4F70-A69C-8412F5CADAA2}.Debug|x64.ActiveCfg = Debug|x64
		{7FF32420-885B-4F70-A69C-8412F5CADAA2}.Debug|x64.Build.0 = Debug|x64
		{7FF32420-885B-4F70-A69C-8412F5CADAA2}.Debug|x86.ActiveCfg = Debug|Win32
		{7FF32420-885B-4F70-A69C-8412F5CADAA2}.Debug|x86.Build.0 = Debug|Win32
		{7FF32420-885B-4F70-A69C-8412F5CADAA2}.Release|x64.ActiveCfg = Release|x64
		{7FF32420-885B-4F70-A69C-8412F5CADAA2}.Release|x64.Build.0 = Release|x64
		{7FF32420-885B-4F70-A69C-8412F5CADAA2}.Release|x86.ActiveCfg = Release|Win32
		{7FF32420-885B-4F70-A69C-8412F5CADAA2}.Release|x86.Build.0 = Release|Win32
	EndGlobalSection
	GlobalSection(SolutionProperties) = preSolution
		HideSolutionNode = FALSE
	EndGlobalSection
	GlobalSection(ExtensibilityGlobals) = postSolution
		SolutionGuid = {0F325247-84BD-4D9F-9A46-216C7BFCE5E8}
	EndGlobalSection
EndGlobal
